
Microsoft Visual Studio Solution File, Format Version 12.00
# Visual Studio Version 17
VisualStudioVersion = 17.3.32804.467
MinimumVisualStudioVersion = 10.0.40219.1
Project("{FAE04EC0-301F-11D3-BF4B-00C04F79EFBC}") = "LegoasService.Api", "LegoasService.Api\LegoasService.Api.csproj", "{B92A928D-4488-4E59-89BA-40CEC03D315D}"
EndProject
Project("{FAE04EC0-301F-11D3-BF4B-00C04F79EFBC}") = "LegoasService.Core", "LegoasService.Core\LegoasService.Core.csproj", "{8263849C-48C6-45B1-BB33-D59B4DF8449F}"
EndProject
Project("{FAE04EC0-301F-11D3-BF4B-00C04F79EFBC}") = "LegoasService.Infrastucture", "LegoasService.Infrastucture\LegoasService.Infrastucture.csproj", "{BFA6C889-0D4C-4B42-BCCA-4BD1E4AE42BE}"
EndProject
Global
	GlobalSection(SolutionConfigurationPlatforms) = preSolution
		Debug|Any CPU = Debug|Any CPU
		Release|Any CPU = Release|Any CPU
	EndGlobalSection
	GlobalSection(ProjectConfigurationPlatforms) = postSolution
		{B92A928D-4488-4E59-89BA-40CEC03D315D}.Debug|Any CPU.ActiveCfg = Debug|Any CPU
		{B92A928D-4488-4E59-89BA-40CEC03D315D}.Debug|Any CPU.Build.0 = Debug|Any CPU
		{B92A928D-4488-4E59-89BA-40CEC03D315D}.Release|Any CPU.ActiveCfg = Release|Any CPU
		{B92A928D-4488-4E59-89BA-40CEC03D315D}.Release|Any CPU.Build.0 = Release|Any CPU
		{8263849C-48C6-45B1-BB33-D59B4DF8449F}.Debug|Any CPU.ActiveCfg = Debug|Any CPU
		{8263849C-48C6-45B1-BB33-D59B4DF8449F}.Debug|Any CPU.Build.0 = Debug|Any CPU
		{8263849C-48C6-45B1-BB33-D59B4DF8449F}.Release|Any CPU.ActiveCfg = Release|Any CPU
		{8263849C-48C6-45B1-BB33-D59B4DF8449F}.Release|Any CPU.Build.0 = Release|Any CPU
		{BFA6C889-0D4C-4B42-BCCA-4BD1E4AE42BE}.Debug|Any CPU.ActiveCfg = Debug|Any CPU
		{BFA6C889-0D4C-4B42-BCCA-4BD1E4AE42BE}.Debug|Any CPU.Build.0 = Debug|Any CPU
		{BFA6C889-0D4C-4B42-BCCA-4BD1E4AE42BE}.Release|Any CPU.ActiveCfg = Release|Any CPU
		{BFA6C889-0D4C-4B42-BCCA-4BD1E4AE42BE}.Release|Any CPU.Build.0 = Release|Any CPU
	EndGlobalSection
	GlobalSection(SolutionProperties) = preSolution
		HideSolutionNode = FALSE
	EndGlobalSection
	GlobalSection(ExtensibilityGlobals) = postSolution
		SolutionGuid = {7D6FCA9A-C7CF-469F-B1FD-850D203415DA}
	EndGlobalSection
EndGlobal
